
Microsoft Visual Studio Solution File, Format Version 12.00
# Visual Studio Version 17
VisualStudioVersion = 17.1.32210.238
MinimumVisualStudioVersion = 10.0.40219.1
Project("{9A19103F-16F7-4668-BE54-9A1E7A4F7556}") = "WordToPDFConverter", "WordToPDFConverter\WordToPDFConverter.csproj", "{B702F694-A71F-4336-848B-69C35CAFDCFD}"
EndProject
Project("{9A19103F-16F7-4668-BE54-9A1E7A4F7556}") = "WordToHTMLConverter", "WordToHTMLConverter\WordToHTMLConverter.csproj", "{CE6D2E9B-9CDA-426E-B866-3A1F034E2B2A}"
EndProject
Project("{9A19103F-16F7-4668-BE54-9A1E7A4F7556}") = "NetCoreWordToHTMLConverter", "NetCoreWordToHTMLConverter\NetCoreWordToHTMLConverter.csproj", "{1EE84589-822D-4307-98B4-B025563B3BC0}"
EndProject
Project("{FAE04EC0-301F-11D3-BF4B-00C04F79EFBC}") = "MammothWordToPDFConverter", "MammothWordToPDFConverter\MammothWordToPDFConverter.csproj", "{15780C8D-09D6-4B4F-AD9A-E2A7AAF10133}"
EndProject
Project("{FAE04EC0-301F-11D3-BF4B-00C04F79EFBC}") = "GemBoxWordToPNGConverter", "GemBoxWordToPNGConverter\GemBoxWordToPNGConverter.csproj", "{D47C8FE0-C903-45EC-95AF-C55F7B3F6BEF}"
EndProject
Global
	GlobalSection(SolutionConfigurationPlatforms) = preSolution
		Debug|Any CPU = Debug|Any CPU
		Release|Any CPU = Release|Any CPU
	EndGlobalSection
	GlobalSection(ProjectConfigurationPlatforms) = postSolution
		{B702F694-A71F-4336-848B-69C35CAFDCFD}.Debug|Any CPU.ActiveCfg = Debug|Any CPU
		{B702F694-A71F-4336-848B-69C35CAFDCFD}.Debug|Any CPU.Build.0 = Debug|Any CPU
		{B702F694-A71F-4336-848B-69C35CAFDCFD}.Release|Any CPU.ActiveCfg = Release|Any CPU
		{B702F694-A71F-4336-848B-69C35CAFDCFD}.Release|Any CPU.Build.0 = Release|Any CPU
		{CE6D2E9B-9CDA-426E-B866-3A1F034E2B2A}.Debug|Any CPU.ActiveCfg = Debug|Any CPU
		{CE6D2E9B-9CDA-426E-B866-3A1F034E2B2A}.Debug|Any CPU.Build.0 = Debug|Any CPU
		{CE6D2E9B-9CDA-426E-B866-3A1F034E2B2A}.Release|Any CPU.ActiveCfg = Release|Any CPU
		{CE6D2E9B-9CDA-426E-B866-3A1F034E2B2A}.Release|Any CPU.Build.0 = Release|Any CPU
		{1EE84589-822D-4307-98B4-B025563B3BC0}.Debug|Any CPU.ActiveCfg = Debug|Any CPU
		{1EE84589-822D-4307-98B4-B025563B3BC0}.Debug|Any CPU.Build.0 = Debug|Any CPU
		{1EE84589-822D-4307-98B4-B025563B3BC0}.Release|Any CPU.ActiveCfg = Release|Any CPU
		{1EE84589-822D-4307-98B4-B025563B3BC0}.Release|Any CPU.Build.0 = Release|Any CPU
		{15780C8D-09D6-4B4F-AD9A-E2A7AAF10133}.Debug|Any CPU.ActiveCfg = Debug|Any CPU
		{15780C8D-09D6-4B4F-AD9A-E2A7AAF10133}.Debug|Any CPU.Build.0 = Debug|Any CPU
		{15780C8D-09D6-4B4F-AD9A-E2A7AAF10133}.Release|Any CPU.ActiveCfg = Release|Any CPU
		{15780C8D-09D6-4B4F-AD9A-E2A7AAF10133}.Release|Any CPU.Build.0 = Release|Any CPU
		{D47C8FE0-C903-45EC-95AF-C55F7B3F6BEF}.Debug|Any CPU.ActiveCfg = Debug|Any CPU
		{D47C8FE0-C903-45EC-95AF-C55F7B3F6BEF}.Debug|Any CPU.Build.0 = Debug|Any CPU
		{D47C8FE0-C903-45EC-95AF-C55F7B3F6BEF}.Release|Any CPU.ActiveCfg = Release|Any CPU
		{D47C8FE0-C903-45EC-95AF-C55F7B3F6BEF}.Release|Any CPU.Build.0 = Release|Any CPU
	EndGlobalSection
	GlobalSection(SolutionProperties) = preSolution
		HideSolutionNode = FALSE
	EndGlobalSection
	GlobalSection(ExtensibilityGlobals) = postSolution
		SolutionGuid = {E646CCEF-95F4-4604-AA9B-EE1AE58F9AC1}
	EndGlobalSection
EndGlobal
